
Microsoft Visual Studio Solution File, Format Version 12.00
# Visual Studio 15
VisualStudioVersion = 15.0.27130.2010
MinimumVisualStudioVersion = 10.0.40219.1
Project("{FAE04EC0-301F-11D3-BF4B-00C04F79EFBC}") = "ProductUtility", "ProductUtility\ProductUtility.csproj", "{51302A74-D253-4D8A-946F-C26D75F29557}"
EndProject
Global
	GlobalSection(SolutionConfigurationPlatforms) = preSolution
		Debug|Any CPU = Debug|Any CPU
		Release|Any CPU = Release|Any CPU
	EndGlobalSection
	GlobalSection(ProjectConfigurationPlatforms) = postSolution
		{51302A74-D253-4D8A-946F-C26D75F29557}.Debug|Any CPU.ActiveCfg = Debug|Any CPU
		{51302A74-D253-4D8A-946F-C26D75F29557}.Debug|Any CPU.Build.0 = Debug|Any CPU
		{51302A74-D253-4D8A-946F-C26D75F29557}.Release|Any CPU.ActiveCfg = Release|Any CPU
		{51302A74-D253-4D8A-946F-C26D75F29557}.Release|Any CPU.Build.0 = Release|Any CPU
	EndGlobalSection
	GlobalSection(SolutionProperties) = preSolution
		HideSolutionNode = FALSE
	EndGlobalSection
	GlobalSection(ExtensibilityGlobals) = postSolution
		SolutionGuid = {351B1EF9-C5BC-4E22-8017-7921AABB6A31}
	EndGlobalSection
EndGlobal
